
Microsoft Visual Studio Solution File, Format Version 12.00
# Visual Studio Version 16
VisualStudioVersion = 16.0.31019.35
MinimumVisualStudioVersion = 10.0.40219.1
Project("{9A19103F-16F7-4668-BE54-9A1E7A4F7556}") = "Snake123", "Snake123.csproj", "{394EC47D-3221-467D-B02E-3DD9F580AE68}"
EndProject
Global
	GlobalSection(SolutionConfigurationPlatforms) = preSolution
		Debug|Any CPU = Debug|Any CPU
		Release|Any CPU = Release|Any CPU
	EndGlobalSection
	GlobalSection(ProjectConfigurationPlatforms) = postSolution
		{394EC47D-3221-467D-B02E-3DD9F580AE68}.Debug|Any CPU.ActiveCfg = Debug|Any CPU
		{394EC47D-3221-467D-B02E-3DD9F580AE68}.Debug|Any CPU.Build.0 = Debug|Any CPU
		{394EC47D-3221-467D-B02E-3DD9F580AE68}.Release|Any CPU.ActiveCfg = Release|Any CPU
		{394EC47D-3221-467D-B02E-3DD9F580AE68}.Release|Any CPU.Build.0 = Release|Any CPU
	EndGlobalSection
	GlobalSection(SolutionProperties) = preSolution
		HideSolutionNode = FALSE
	EndGlobalSection
	GlobalSection(ExtensibilityGlobals) = postSolution
		SolutionGuid = {3ABBCAD6-9F28-4509-B403-256C9D1D75F4}
	EndGlobalSection
EndGlobal
